
Microsoft Visual Studio Solution File, Format Version 12.00
# Visual Studio Version 16
VisualStudioVersion = 16.0.29609.76
MinimumVisualStudioVersion = 10.0.40219.1
Project("{FAE04EC0-301F-11D3-BF4B-00C04F79EFBC}") = "OnlineDiscussionPortal", "OnlineDiscussionPortal\OnlineDiscussionPortal.csproj", "{753CD2F1-EDAB-4831-8F38-477FDE5601ED}"
EndProject
Project("{FAE04EC0-301F-11D3-BF4B-00C04F79EFBC}") = "OnlineDiscussionPortal.Entity", "OnlineDiscussionPortal.Entity\OnlineDiscussionPortal.Entity.csproj", "{2A839A60-F00A-46D6-906D-0E0B70C8C26C}"
EndProject
Project("{FAE04EC0-301F-11D3-BF4B-00C04F79EFBC}") = "OnlineDiscussionPortal.Repository", "OnlineDiscussionPortal.Repository\OnlineDiscussionPortal.Repository.csproj", "{879EDF11-141B-43FA-9C3C-E792A0F50BD1}"
EndProject
Global
	GlobalSection(SolutionConfigurationPlatforms) = preSolution
		Debug|Any CPU = Debug|Any CPU
		Release|Any CPU = Release|Any CPU
	EndGlobalSection
	GlobalSection(ProjectConfigurationPlatforms) = postSolution
		{753CD2F1-EDAB-4831-8F38-477FDE5601ED}.Debug|Any CPU.ActiveCfg = Debug|Any CPU
		{753CD2F1-EDAB-4831-8F38-477FDE5601ED}.Debug|Any CPU.Build.0 = Debug|Any CPU
		{753CD2F1-EDAB-4831-8F38-477FDE5601ED}.Release|Any CPU.ActiveCfg = Release|Any CPU
		{753CD2F1-EDAB-4831-8F38-477FDE5601ED}.Release|Any CPU.Build.0 = Release|Any CPU
		{2A839A60-F00A-46D6-906D-0E0B70C8C26C}.Debug|Any CPU.ActiveCfg = Debug|Any CPU
		{2A839A60-F00A-46D6-906D-0E0B70C8C26C}.Debug|Any CPU.Build.0 = Debug|Any CPU
		{2A839A60-F00A-46D6-906D-0E0B70C8C26C}.Release|Any CPU.ActiveCfg = Release|Any CPU
		{2A839A60-F00A-46D6-906D-0E0B70C8C26C}.Release|Any CPU.Build.0 = Release|Any CPU
		{879EDF11-141B-43FA-9C3C-E792A0F50BD1}.Debug|Any CPU.ActiveCfg = Debug|Any CPU
		{879EDF11-141B-43FA-9C3C-E792A0F50BD1}.Debug|Any CPU.Build.0 = Debug|Any CPU
		{879EDF11-141B-43FA-9C3C-E792A0F50BD1}.Release|Any CPU.ActiveCfg = Release|Any CPU
		{879EDF11-141B-43FA-9C3C-E792A0F50BD1}.Release|Any CPU.Build.0 = Release|Any CPU
	EndGlobalSection
	GlobalSection(SolutionProperties) = preSolution
		HideSolutionNode = FALSE
	EndGlobalSection
	GlobalSection(ExtensibilityGlobals) = postSolution
		SolutionGuid = {B8F6F9B5-C1EA-41C0-84A4-B83C9E276CBE}
	EndGlobalSection
EndGlobal
